
Microsoft Visual Studio Solution File, Format Version 12.00
# Visual Studio Version 17
VisualStudioVersion = 17.7.34031.279
MinimumVisualStudioVersion = 10.0.40219.1
Project("{FAE04EC0-301F-11D3-BF4B-00C04F79EFBC}") = "DatatypeAndOperators", "DatatypeAndOperators.csproj", "{AABBD880-1921-4F5D-954D-C1F46A9DE51C}"
EndProject
Global
	GlobalSection(SolutionConfigurationPlatforms) = preSolution
		Debug|Any CPU = Debug|Any CPU
		Release|Any CPU = Release|Any CPU
	EndGlobalSection
	GlobalSection(ProjectConfigurationPlatforms) = postSolution
		{AABBD880-1921-4F5D-954D-C1F46A9DE51C}.Debug|Any CPU.ActiveCfg = Debug|Any CPU
		{AABBD880-1921-4F5D-954D-C1F46A9DE51C}.Debug|Any CPU.Build.0 = Debug|Any CPU
		{AABBD880-1921-4F5D-954D-C1F46A9DE51C}.Release|Any CPU.ActiveCfg = Release|Any CPU
		{AABBD880-1921-4F5D-954D-C1F46A9DE51C}.Release|Any CPU.Build.0 = Release|Any CPU
	EndGlobalSection
	GlobalSection(SolutionProperties) = preSolution
		HideSolutionNode = FALSE
	EndGlobalSection
	GlobalSection(ExtensibilityGlobals) = postSolution
		SolutionGuid = {45BEFE1B-A0E2-4A46-AFE1-863FD3234885}
	EndGlobalSection
EndGlobal
